<Solution>
    <Folder Name="/src/">
        <Project Path="src/SwgohComlink.Client/SwgohComlink.Client.csproj" />
        <Project Path="src\SwgohComlink.Api\SwgohComlink.Api.csproj" />
    </Folder>
    <Folder Name="/tests/">
        <Project Path="tests/SwgohComlink.Client.Tests/SwgohComlink.Client.Tests.csproj" />
    </Folder>
</Solution>
